# Generated by pub
# See https://dart.dev/tools/pub/glossary#lockfile
packages:
  logging:
    dependency: "direct main"
    description:
      name: logging
      sha256: "623a88c9594aa774443aa3eb2d41807a48486b5613e67599fb4c41c0ad47c340"
      url: "https://pub.dev"
    source: hosted
    version: "1.2.0"
  socket_io_common:
    dependency: "direct main"
    description:
      name: socket_io_common
      sha256: "2ab92f8ff3ebbd4b353bf4a98bee45cc157e3255464b2f90f66e09c4472047eb"
      url: "https://pub.dev"
    source: hosted
    version: "2.0.3"
sdks:
  dart: ">=2.19.6 <3.0.0"
